
Microsoft Visual Studio Solution File, Format Version 12.00
# Visual Studio Version 17
VisualStudioVersion = 17.10.35013.160
MinimumVisualStudioVersion = 10.0.40219.1
Project("{2150E333-8FDC-42A3-9474-1A3956D46DE8}") = "Core", "Core", "{09FC9CC0-0982-4A4C-B40A-0BD05585097F}"
EndProject
Project("{2150E333-8FDC-42A3-9474-1A3956D46DE8}") = "WebAPI", "WebAPI", "{52A30A57-415B-4A7C-80FA-F407E0105DAE}"
EndProject
Project("{2150E333-8FDC-42A3-9474-1A3956D46DE8}") = "Infrastructure", "Infrastructure", "{4AD4E140-5E87-4E65-924A-91491978C727}"
EndProject
Project("{2150E333-8FDC-42A3-9474-1A3956D46DE8}") = "src", "src", "{0B0BA3E3-0455-48A8-8769-42341AE79961}"
EndProject
Project("{2150E333-8FDC-42A3-9474-1A3956D46DE8}") = "tests", "tests", "{9797DF73-8B56-4F82-84A0-3F8FD0AC3ECF}"
EndProject
Project("{9A19103F-16F7-4668-BE54-9A1E7A4F7556}") = "Contacts37.Application", "Contacts37.Application\Contacts37.Application.csproj", "{7852AB4D-FBB2-4BE7-A2F2-73E1588DD113}"
EndProject
Project("{9A19103F-16F7-4668-BE54-9A1E7A4F7556}") = "Contacts37.Domain", "Contacts37.Domain\Contacts37.Domain.csproj", "{26705B74-2BDA-4CE1-B353-EF51973F86D0}"
EndProject
Project("{9A19103F-16F7-4668-BE54-9A1E7A4F7556}") = "Contacts37.Persistence", "Contact37.Persistence\Contacts37.Persistence.csproj", "{653261DA-B9BD-48A4-B0A7-0517AE8D77A2}"
EndProject
Project("{9A19103F-16F7-4668-BE54-9A1E7A4F7556}") = "Contacts37.API", "Contacts37.API\Contacts37.API.csproj", "{F738FCAC-569A-4C0A-9E81-1B2F6901E8D3}"
EndProject
Project("{9A19103F-16F7-4668-BE54-9A1E7A4F7556}") = "Contacts37.Domain.Tests", "Contacts37.Domain.Tests\Contacts37.Domain.Tests.csproj", "{2B82BA02-9D3F-45E6-88DC-8201CA210974}"
EndProject
Project("{9A19103F-16F7-4668-BE54-9A1E7A4F7556}") = "Contacts37.Application.Tests", "Contacts37.Application.Tests\Contacts37.Application.Tests.csproj", "{67F02028-C088-41AC-BA06-8D95DB8F28FB}"
EndProject
Project("{FAE04EC0-301F-11D3-BF4B-00C04F79EFBC}") = "Contacts37.Application.IntegrationTests", "Contacts37.Application.IntegrationTests\Contacts37.Application.IntegrationTests.csproj", "{334BA499-25A0-4C6B-B317-8592A2E4AD8F}"
EndProject
Global
	GlobalSection(SolutionConfigurationPlatforms) = preSolution
		Debug|Any CPU = Debug|Any CPU
		Release|Any CPU = Release|Any CPU
	EndGlobalSection
	GlobalSection(ProjectConfigurationPlatforms) = postSolution
		{7852AB4D-FBB2-4BE7-A2F2-73E1588DD113}.Debug|Any CPU.ActiveCfg = Debug|Any CPU
		{7852AB4D-FBB2-4BE7-A2F2-73E1588DD113}.Debug|Any CPU.Build.0 = Debug|Any CPU
		{7852AB4D-FBB2-4BE7-A2F2-73E1588DD113}.Release|Any CPU.ActiveCfg = Release|Any CPU
		{7852AB4D-FBB2-4BE7-A2F2-73E1588DD113}.Release|Any CPU.Build.0 = Release|Any CPU
		{26705B74-2BDA-4CE1-B353-EF51973F86D0}.Debug|Any CPU.ActiveCfg = Debug|Any CPU
		{26705B74-2BDA-4CE1-B353-EF51973F86D0}.Debug|Any CPU.Build.0 = Debug|Any CPU
		{26705B74-2BDA-4CE1-B353-EF51973F86D0}.Release|Any CPU.ActiveCfg = Release|Any CPU
		{26705B74-2BDA-4CE1-B353-EF51973F86D0}.Release|Any CPU.Build.0 = Release|Any CPU
		{653261DA-B9BD-48A4-B0A7-0517AE8D77A2}.Debug|Any CPU.ActiveCfg = Debug|Any CPU
		{653261DA-B9BD-48A4-B0A7-0517AE8D77A2}.Debug|Any CPU.Build.0 = Debug|Any CPU
		{653261DA-B9BD-48A4-B0A7-0517AE8D77A2}.Release|Any CPU.ActiveCfg = Release|Any CPU
		{653261DA-B9BD-48A4-B0A7-0517AE8D77A2}.Release|Any CPU.Build.0 = Release|Any CPU
		{F738FCAC-569A-4C0A-9E81-1B2F6901E8D3}.Debug|Any CPU.ActiveCfg = Debug|Any CPU
		{F738FCAC-569A-4C0A-9E81-1B2F6901E8D3}.Debug|Any CPU.Build.0 = Debug|Any CPU
		{F738FCAC-569A-4C0A-9E81-1B2F6901E8D3}.Release|Any CPU.ActiveCfg = Release|Any CPU
		{F738FCAC-569A-4C0A-9E81-1B2F6901E8D3}.Release|Any CPU.Build.0 = Release|Any CPU
		{2B82BA02-9D3F-45E6-88DC-8201CA210974}.Debug|Any CPU.ActiveCfg = Debug|Any CPU
		{2B82BA02-9D3F-45E6-88DC-8201CA210974}.Debug|Any CPU.Build.0 = Debug|Any CPU
		{2B82BA02-9D3F-45E6-88DC-8201CA210974}.Release|Any CPU.ActiveCfg = Release|Any CPU
		{2B82BA02-9D3F-45E6-88DC-8201CA210974}.Release|Any CPU.Build.0 = Release|Any CPU
		{67F02028-C088-41AC-BA06-8D95DB8F28FB}.Debug|Any CPU.ActiveCfg = Debug|Any CPU
		{67F02028-C088-41AC-BA06-8D95DB8F28FB}.Debug|Any CPU.Build.0 = Debug|Any CPU
		{67F02028-C088-41AC-BA06-8D95DB8F28FB}.Release|Any CPU.ActiveCfg = Release|Any CPU
		{67F02028-C088-41AC-BA06-8D95DB8F28FB}.Release|Any CPU.Build.0 = Release|Any CPU
		{334BA499-25A0-4C6B-B317-8592A2E4AD8F}.Debug|Any CPU.ActiveCfg = Debug|Any CPU
		{334BA499-25A0-4C6B-B317-8592A2E4AD8F}.Debug|Any CPU.Build.0 = Debug|Any CPU
		{334BA499-25A0-4C6B-B317-8592A2E4AD8F}.Release|Any CPU.ActiveCfg = Release|Any CPU
		{334BA499-25A0-4C6B-B317-8592A2E4AD8F}.Release|Any CPU.Build.0 = Release|Any CPU
	EndGlobalSection
	GlobalSection(SolutionProperties) = preSolution
		HideSolutionNode = FALSE
	EndGlobalSection
	GlobalSection(NestedProjects) = preSolution
		{09FC9CC0-0982-4A4C-B40A-0BD05585097F} = {0B0BA3E3-0455-48A8-8769-42341AE79961}
		{52A30A57-415B-4A7C-80FA-F407E0105DAE} = {0B0BA3E3-0455-48A8-8769-42341AE79961}
		{4AD4E140-5E87-4E65-924A-91491978C727} = {0B0BA3E3-0455-48A8-8769-42341AE79961}
		{7852AB4D-FBB2-4BE7-A2F2-73E1588DD113} = {09FC9CC0-0982-4A4C-B40A-0BD05585097F}
		{26705B74-2BDA-4CE1-B353-EF51973F86D0} = {09FC9CC0-0982-4A4C-B40A-0BD05585097F}
		{653261DA-B9BD-48A4-B0A7-0517AE8D77A2} = {4AD4E140-5E87-4E65-924A-91491978C727}
		{F738FCAC-569A-4C0A-9E81-1B2F6901E8D3} = {52A30A57-415B-4A7C-80FA-F407E0105DAE}
		{2B82BA02-9D3F-45E6-88DC-8201CA210974} = {9797DF73-8B56-4F82-84A0-3F8FD0AC3ECF}
		{67F02028-C088-41AC-BA06-8D95DB8F28FB} = {9797DF73-8B56-4F82-84A0-3F8FD0AC3ECF}
		{334BA499-25A0-4C6B-B317-8592A2E4AD8F} = {9797DF73-8B56-4F82-84A0-3F8FD0AC3ECF}
	EndGlobalSection
	GlobalSection(ExtensibilityGlobals) = postSolution
		SolutionGuid = {684A1232-DFE2-45B7-84F7-85F6C270F627}
	EndGlobalSection
EndGlobal
